// !$*UTF8*$!
{
	archiveVersion = 1;
	classes = {
	};
	objectVersion = 50;
	objects = {

/* Begin PBXBuildFile section */
		0F08E6C75BBC0D47C89EE94D /* Pods_Cabify_Checkout.framework in Frameworks */ = {isa = PBXBuildFile; fileRef = CD40DD1743374B5874AEF4B8 /* Pods_Cabify_Checkout.framework */; };
		19BE74AB22EB29ED0053F005 /* AppDelegate.swift in Sources */ = {isa = PBXBuildFile; fileRef = 19BE74AA22EB29ED0053F005 /* AppDelegate.swift */; };
		19BE74B222EB29FB0053F005 /* Assets.xcassets in Resources */ = {isa = PBXBuildFile; fileRef = 19BE74B122EB29FB0053F005 /* Assets.xcassets */; };
		19BE74B522EB29FB0053F005 /* LaunchScreen.storyboard in Resources */ = {isa = PBXBuildFile; fileRef = 19BE74B322EB29FB0053F005 /* LaunchScreen.storyboard */; };
		19BE74CB22EB29FB0053F005 /* Cabify_CheckoutUITests.swift in Sources */ = {isa = PBXBuildFile; fileRef = 19BE74CA22EB29FB0053F005 /* Cabify_CheckoutUITests.swift */; };
		19BE74DD22EB2D160053F005 /* ProductListViewController.swift in Sources */ = {isa = PBXBuildFile; fileRef = 19BE74DC22EB2D160053F005 /* ProductListViewController.swift */; };
		19BE74E022EB2D2A0053F005 /* Products.storyboard in Resources */ = {isa = PBXBuildFile; fileRef = 19BE74DE22EB2D2A0053F005 /* Products.storyboard */; };
		19BE74E422EB2DB30053F005 /* ProductListViewControllerTests.swift in Sources */ = {isa = PBXBuildFile; fileRef = 19BE74E322EB2DB30053F005 /* ProductListViewControllerTests.swift */; };
		19BE74E622EB320A0053F005 /* ProductListContracts.swift in Sources */ = {isa = PBXBuildFile; fileRef = 19BE74E522EB320A0053F005 /* ProductListContracts.swift */; };
		19BE74E922EB33610053F005 /* Product.swift in Sources */ = {isa = PBXBuildFile; fileRef = 19BE74E822EB33610053F005 /* Product.swift */; };
		19BE74EB22EB34F60053F005 /* UIContainer.swift in Sources */ = {isa = PBXBuildFile; fileRef = 19BE74EA22EB34F60053F005 /* UIContainer.swift */; };
		19BE74ED22EB35A00053F005 /* ProductListPresenter.swift in Sources */ = {isa = PBXBuildFile; fileRef = 19BE74EC22EB35A00053F005 /* ProductListPresenter.swift */; };
		19BE74EF22EB35AE0053F005 /* ProductListRouter.swift in Sources */ = {isa = PBXBuildFile; fileRef = 19BE74EE22EB35AE0053F005 /* ProductListRouter.swift */; };
		19BE74F122EB3A940053F005 /* AppDelegateTests.swift in Sources */ = {isa = PBXBuildFile; fileRef = 19BE74F022EB3A940053F005 /* AppDelegateTests.swift */; };
		19BE74F322EB3C7C0053F005 /* ProductListMocks.swift in Sources */ = {isa = PBXBuildFile; fileRef = 19BE74F222EB3C7C0053F005 /* ProductListMocks.swift */; };
		19BE74F522EB3CEE0053F005 /* UIStoryboard_Extension.swift in Sources */ = {isa = PBXBuildFile; fileRef = 19BE74F422EB3CEE0053F005 /* UIStoryboard_Extension.swift */; };
		19BE74F722EB4BA20053F005 /* UIColor_Extension.swift in Sources */ = {isa = PBXBuildFile; fileRef = 19BE74F622EB4BA20053F005 /* UIColor_Extension.swift */; };
		19BE74F922EB56D10053F005 /* ProductListItemCell.swift in Sources */ = {isa = PBXBuildFile; fileRef = 19BE74F822EB56D10053F005 /* ProductListItemCell.swift */; };
		402F2B438AC493B2160FF326 /* Pods_Cabify_CheckoutTests.framework in Frameworks */ = {isa = PBXBuildFile; fileRef = 643C1DB8A8B81077EDD35FA7 /* Pods_Cabify_CheckoutTests.framework */; };
		726D804CE5F3EA31EFC01846 /* Pods_Cabify_CheckoutUITests.framework in Frameworks */ = {isa = PBXBuildFile; fileRef = ED1F88B7DA4C8434A5F6B38F /* Pods_Cabify_CheckoutUITests.framework */; };
/* End PBXBuildFile section */

/* Begin PBXContainerItemProxy section */
		19BE74BC22EB29FB0053F005 /* PBXContainerItemProxy */ = {
			isa = PBXContainerItemProxy;
			containerPortal = 19BE749F22EB29ED0053F005 /* Project object */;
			proxyType = 1;
			remoteGlobalIDString = 19BE74A622EB29ED0053F005;
			remoteInfo = "Cabify Checkout";
		};
		19BE74C722EB29FB0053F005 /* PBXContainerItemProxy */ = {
			isa = PBXContainerItemProxy;
			containerPortal = 19BE749F22EB29ED0053F005 /* Project object */;
			proxyType = 1;
			remoteGlobalIDString = 19BE74A622EB29ED0053F005;
			remoteInfo = "Cabify Checkout";
		};
/* End PBXContainerItemProxy section */

/* Begin PBXFileReference section */
		06B42FCC7CCCB3C3215070FD /* Pods-Cabify CheckoutUITests.debug.xcconfig */ = {isa = PBXFileReference; includeInIndex = 1; lastKnownFileType = text.xcconfig; name = "Pods-Cabify CheckoutUITests.debug.xcconfig"; path = "Target Support Files/Pods-Cabify CheckoutUITests/Pods-Cabify CheckoutUITests.debug.xcconfig"; sourceTree = "<group>"; };
		07919D045E4AA00DD5628310 /* Pods-Cabify Checkout.release.xcconfig */ = {isa = PBXFileReference; includeInIndex = 1; lastKnownFileType = text.xcconfig; name = "Pods-Cabify Checkout.release.xcconfig"; path = "Target Support Files/Pods-Cabify Checkout/Pods-Cabify Checkout.release.xcconfig"; sourceTree = "<group>"; };
		162934F283FD0F2E9C2BB7E1 /* Pods-Cabify Checkout.debug.xcconfig */ = {isa = PBXFileReference; includeInIndex = 1; lastKnownFileType = text.xcconfig; name = "Pods-Cabify Checkout.debug.xcconfig"; path = "Target Support Files/Pods-Cabify Checkout/Pods-Cabify Checkout.debug.xcconfig"; sourceTree = "<group>"; };
		19BE74A722EB29ED0053F005 /* Cabify Checkout.app */ = {isa = PBXFileReference; explicitFileType = wrapper.application; includeInIndex = 0; path = "Cabify Checkout.app"; sourceTree = BUILT_PRODUCTS_DIR; };
		19BE74AA22EB29ED0053F005 /* AppDelegate.swift */ = {isa = PBXFileReference; lastKnownFileType = sourcecode.swift; path = AppDelegate.swift; sourceTree = "<group>"; };
		19BE74B122EB29FB0053F005 /* Assets.xcassets */ = {isa = PBXFileReference; lastKnownFileType = folder.assetcatalog; path = Assets.xcassets; sourceTree = "<group>"; };
		19BE74B422EB29FB0053F005 /* Base */ = {isa = PBXFileReference; lastKnownFileType = file.storyboard; name = Base; path = Base.lproj/LaunchScreen.storyboard; sourceTree = "<group>"; };
		19BE74B622EB29FB0053F005 /* Info.plist */ = {isa = PBXFileReference; lastKnownFileType = text.plist.xml; path = Info.plist; sourceTree = "<group>"; };
		19BE74BB22EB29FB0053F005 /* Cabify CheckoutTests.xctest */ = {isa = PBXFileReference; explicitFileType = wrapper.cfbundle; includeInIndex = 0; path = "Cabify CheckoutTests.xctest"; sourceTree = BUILT_PRODUCTS_DIR; };
		19BE74C122EB29FB0053F005 /* Info.plist */ = {isa = PBXFileReference; lastKnownFileType = text.plist.xml; path = Info.plist; sourceTree = "<group>"; };
		19BE74C622EB29FB0053F005 /* Cabify CheckoutUITests.xctest */ = {isa = PBXFileReference; explicitFileType = wrapper.cfbundle; includeInIndex = 0; path = "Cabify CheckoutUITests.xctest"; sourceTree = BUILT_PRODUCTS_DIR; };
		19BE74CA22EB29FB0053F005 /* Cabify_CheckoutUITests.swift */ = {isa = PBXFileReference; lastKnownFileType = sourcecode.swift; path = Cabify_CheckoutUITests.swift; sourceTree = "<group>"; };
		19BE74CC22EB29FB0053F005 /* Info.plist */ = {isa = PBXFileReference; lastKnownFileType = text.plist.xml; path = Info.plist; sourceTree = "<group>"; };
		19BE74DC22EB2D160053F005 /* ProductListViewController.swift */ = {isa = PBXFileReference; lastKnownFileType = sourcecode.swift; path = ProductListViewController.swift; sourceTree = "<group>"; };
		19BE74DF22EB2D2A0053F005 /* Base */ = {isa = PBXFileReference; lastKnownFileType = file.storyboard; name = Base; path = Base.lproj/Products.storyboard; sourceTree = "<group>"; };
		19BE74E322EB2DB30053F005 /* ProductListViewControllerTests.swift */ = {isa = PBXFileReference; lastKnownFileType = sourcecode.swift; path = ProductListViewControllerTests.swift; sourceTree = "<group>"; };
		19BE74E522EB320A0053F005 /* ProductListContracts.swift */ = {isa = PBXFileReference; lastKnownFileType = sourcecode.swift; path = ProductListContracts.swift; sourceTree = "<group>"; };
		19BE74E822EB33610053F005 /* Product.swift */ = {isa = PBXFileReference; lastKnownFileType = sourcecode.swift; path = Product.swift; sourceTree = "<group>"; };
		19BE74EA22EB34F60053F005 /* UIContainer.swift */ = {isa = PBXFileReference; lastKnownFileType = sourcecode.swift; path = UIContainer.swift; sourceTree = "<group>"; };
		19BE74EC22EB35A00053F005 /* ProductListPresenter.swift */ = {isa = PBXFileReference; lastKnownFileType = sourcecode.swift; path = ProductListPresenter.swift; sourceTree = "<group>"; };
		19BE74EE22EB35AE0053F005 /* ProductListRouter.swift */ = {isa = PBXFileReference; lastKnownFileType = sourcecode.swift; path = ProductListRouter.swift; sourceTree = "<group>"; };
		19BE74F022EB3A940053F005 /* AppDelegateTests.swift */ = {isa = PBXFileReference; lastKnownFileType = sourcecode.swift; path = AppDelegateTests.swift; sourceTree = "<group>"; };
		19BE74F222EB3C7C0053F005 /* ProductListMocks.swift */ = {isa = PBXFileReference; lastKnownFileType = sourcecode.swift; path = ProductListMocks.swift; sourceTree = "<group>"; };
		19BE74F422EB3CEE0053F005 /* UIStoryboard_Extension.swift */ = {isa = PBXFileReference; lastKnownFileType = sourcecode.swift; path = UIStoryboard_Extension.swift; sourceTree = "<group>"; };
		19BE74F622EB4BA20053F005 /* UIColor_Extension.swift */ = {isa = PBXFileReference; lastKnownFileType = sourcecode.swift; path = UIColor_Extension.swift; sourceTree = "<group>"; };
		19BE74F822EB56D10053F005 /* ProductListItemCell.swift */ = {isa = PBXFileReference; lastKnownFileType = sourcecode.swift; path = ProductListItemCell.swift; sourceTree = "<group>"; };
		4AE0787DBC601074DA1BC828 /* Pods-Cabify CheckoutTests.release.xcconfig */ = {isa = PBXFileReference; includeInIndex = 1; lastKnownFileType = text.xcconfig; name = "Pods-Cabify CheckoutTests.release.xcconfig"; path = "Target Support Files/Pods-Cabify CheckoutTests/Pods-Cabify CheckoutTests.release.xcconfig"; sourceTree = "<group>"; };
		643C1DB8A8B81077EDD35FA7 /* Pods_Cabify_CheckoutTests.framework */ = {isa = PBXFileReference; explicitFileType = wrapper.framework; includeInIndex = 0; path = Pods_Cabify_CheckoutTests.framework; sourceTree = BUILT_PRODUCTS_DIR; };
		CD40DD1743374B5874AEF4B8 /* Pods_Cabify_Checkout.framework */ = {isa = PBXFileReference; explicitFileType = wrapper.framework; includeInIndex = 0; path = Pods_Cabify_Checkout.framework; sourceTree = BUILT_PRODUCTS_DIR; };
		D85102F53E5CF7F3B786D611 /* Pods-Cabify CheckoutUITests.release.xcconfig */ = {isa = PBXFileReference; includeInIndex = 1; lastKnownFileType = text.xcconfig; name = "Pods-Cabify CheckoutUITests.release.xcconfig"; path = "Target Support Files/Pods-Cabify CheckoutUITests/Pods-Cabify CheckoutUITests.release.xcconfig"; sourceTree = "<group>"; };
		ED1F88B7DA4C8434A5F6B38F /* Pods_Cabify_CheckoutUITests.framework */ = {isa = PBXFileReference; explicitFileType = wrapper.framework; includeInIndex = 0; path = Pods_Cabify_CheckoutUITests.framework; sourceTree = BUILT_PRODUCTS_DIR; };
		F85B92C689D7385CC9411B05 /* Pods-Cabify CheckoutTests.debug.xcconfig */ = {isa = PBXFileReference; includeInIndex = 1; lastKnownFileType = text.xcconfig; name = "Pods-Cabify CheckoutTests.debug.xcconfig"; path = "Target Support Files/Pods-Cabify CheckoutTests/Pods-Cabify CheckoutTests.debug.xcconfig"; sourceTree = "<group>"; };
/* End PBXFileReference section */

/* Begin PBXFrameworksBuildPhase section */
		19BE74A422EB29ED0053F005 /* Frameworks */ = {
			isa = PBXFrameworksBuildPhase;
			buildActionMask = 2147483647;
			files = (
				0F08E6C75BBC0D47C89EE94D /* Pods_Cabify_Checkout.framework in Frameworks */,
			);
			runOnlyForDeploymentPostprocessing = 0;
		};
		19BE74B822EB29FB0053F005 /* Frameworks */ = {
			isa = PBXFrameworksBuildPhase;
			buildActionMask = 2147483647;
			files = (
				402F2B438AC493B2160FF326 /* Pods_Cabify_CheckoutTests.framework in Frameworks */,
			);
			runOnlyForDeploymentPostprocessing = 0;
		};
		19BE74C322EB29FB0053F005 /* Frameworks */ = {
			isa = PBXFrameworksBuildPhase;
			buildActionMask = 2147483647;
			files = (
				726D804CE5F3EA31EFC01846 /* Pods_Cabify_CheckoutUITests.framework in Frameworks */,
			);
			runOnlyForDeploymentPostprocessing = 0;
		};
/* End PBXFrameworksBuildPhase section */

/* Begin PBXGroup section */
		19BE749E22EB29ED0053F005 = {
			isa = PBXGroup;
			children = (
				19BE74A922EB29ED0053F005 /* Cabify Checkout */,
				19BE74BE22EB29FB0053F005 /* Cabify CheckoutTests */,
				19BE74C922EB29FB0053F005 /* Cabify CheckoutUITests */,
				19BE74A822EB29ED0053F005 /* Products */,
				5618AE68B9A2279223D8C80A /* Pods */,
				CE2513C4F50B7B44BAA83C5E /* Frameworks */,
			);
			sourceTree = "<group>";
		};
		19BE74A822EB29ED0053F005 /* Products */ = {
			isa = PBXGroup;
			children = (
				19BE74A722EB29ED0053F005 /* Cabify Checkout.app */,
				19BE74BB22EB29FB0053F005 /* Cabify CheckoutTests.xctest */,
				19BE74C622EB29FB0053F005 /* Cabify CheckoutUITests.xctest */,
			);
			name = Products;
			sourceTree = "<group>";
		};
		19BE74A922EB29ED0053F005 /* Cabify Checkout */ = {
			isa = PBXGroup;
			children = (
				19BE74AA22EB29ED0053F005 /* AppDelegate.swift */,
				19BE74D922EB2CE30053F005 /* Domain */,
				19BE74DA22EB2CED0053F005 /* UI */,
				19BE74D822EB2A230053F005 /* Storyboards */,
				19BE74B122EB29FB0053F005 /* Assets.xcassets */,
				19BE74B622EB29FB0053F005 /* Info.plist */,
			);
			path = "Cabify Checkout";
			sourceTree = "<group>";
		};
		19BE74BE22EB29FB0053F005 /* Cabify CheckoutTests */ = {
			isa = PBXGroup;
			children = (
				19BE74F022EB3A940053F005 /* AppDelegateTests.swift */,
				19BE74E122EB2D6C0053F005 /* UI */,
				19BE74C122EB29FB0053F005 /* Info.plist */,
			);
			path = "Cabify CheckoutTests";
			sourceTree = "<group>";
		};
		19BE74C922EB29FB0053F005 /* Cabify CheckoutUITests */ = {
			isa = PBXGroup;
			children = (
				19BE74CA22EB29FB0053F005 /* Cabify_CheckoutUITests.swift */,
				19BE74CC22EB29FB0053F005 /* Info.plist */,
			);
			path = "Cabify CheckoutUITests";
			sourceTree = "<group>";
		};
		19BE74D822EB2A230053F005 /* Storyboards */ = {
			isa = PBXGroup;
			children = (
				19BE74B322EB29FB0053F005 /* LaunchScreen.storyboard */,
				19BE74DE22EB2D2A0053F005 /* Products.storyboard */,
			);
			path = Storyboards;
			sourceTree = "<group>";
		};
		19BE74D922EB2CE30053F005 /* Domain */ = {
			isa = PBXGroup;
			children = (
				19BE74E722EB33550053F005 /* Products */,
			);
			path = Domain;
			sourceTree = "<group>";
		};
		19BE74DA22EB2CED0053F005 /* UI */ = {
			isa = PBXGroup;
			children = (
				19BE74EA22EB34F60053F005 /* UIContainer.swift */,
				19BE74F422EB3CEE0053F005 /* UIStoryboard_Extension.swift */,
				19BE74F622EB4BA20053F005 /* UIColor_Extension.swift */,
				19BE74DB22EB2CF90053F005 /* ProductList */,
			);
			path = UI;
			sourceTree = "<group>";
		};
		19BE74DB22EB2CF90053F005 /* ProductList */ = {
			isa = PBXGroup;
			children = (
				19BE74E522EB320A0053F005 /* ProductListContracts.swift */,
				19BE74DC22EB2D160053F005 /* ProductListViewController.swift */,
				19BE74EC22EB35A00053F005 /* ProductListPresenter.swift */,
				19BE74EE22EB35AE0053F005 /* ProductListRouter.swift */,
				19BE74F822EB56D10053F005 /* ProductListItemCell.swift */,
			);
			path = ProductList;
			sourceTree = "<group>";
		};
		19BE74E122EB2D6C0053F005 /* UI */ = {
			isa = PBXGroup;
			children = (
				19BE74E222EB2D720053F005 /* ProductList */,
			);
			path = UI;
			sourceTree = "<group>";
		};
		19BE74E222EB2D720053F005 /* ProductList */ = {
			isa = PBXGroup;
			children = (
				19BE74E322EB2DB30053F005 /* ProductListViewControllerTests.swift */,
				19BE74F222EB3C7C0053F005 /* ProductListMocks.swift */,
			);
			path = ProductList;
			sourceTree = "<group>";
		};
		19BE74E722EB33550053F005 /* Products */ = {
			isa = PBXGroup;
			children = (
				19BE74E822EB33610053F005 /* Product.swift */,
			);
			path = Products;
			sourceTree = "<group>";
		};
		5618AE68B9A2279223D8C80A /* Pods */ = {
			isa = PBXGroup;
			children = (
				162934F283FD0F2E9C2BB7E1 /* Pods-Cabify Checkout.debug.xcconfig */,
				07919D045E4AA00DD5628310 /* Pods-Cabify Checkout.release.xcconfig */,
				F85B92C689D7385CC9411B05 /* Pods-Cabify CheckoutTests.debug.xcconfig */,
				4AE0787DBC601074DA1BC828 /* Pods-Cabify CheckoutTests.release.xcconfig */,
				06B42FCC7CCCB3C3215070FD /* Pods-Cabify CheckoutUITests.debug.xcconfig */,
				D85102F53E5CF7F3B786D611 /* Pods-Cabify CheckoutUITests.release.xcconfig */,
			);
			path = Pods;
			sourceTree = "<group>";
		};
		CE2513C4F50B7B44BAA83C5E /* Frameworks */ = {
			isa = PBXGroup;
			children = (
				CD40DD1743374B5874AEF4B8 /* Pods_Cabify_Checkout.framework */,
				643C1DB8A8B81077EDD35FA7 /* Pods_Cabify_CheckoutTests.framework */,
				ED1F88B7DA4C8434A5F6B38F /* Pods_Cabify_CheckoutUITests.framework */,
			);
			name = Frameworks;
			sourceTree = "<group>";
		};
/* End PBXGroup section */

/* Begin PBXNativeTarget section */
		19BE74A622EB29ED0053F005 /* Cabify Checkout */ = {
			isa = PBXNativeTarget;
			buildConfigurationList = 19BE74CF22EB29FB0053F005 /* Build configuration list for PBXNativeTarget "Cabify Checkout" */;
			buildPhases = (
				5BDAF9660B5E7CDC08B9C362 /* [CP] Check Pods Manifest.lock */,
				19BE74A322EB29ED0053F005 /* Sources */,
				19BE74A422EB29ED0053F005 /* Frameworks */,
				19BE74A522EB29ED0053F005 /* Resources */,
				9140455E0EB6CFFDD1A18F56 /* [CP] Embed Pods Frameworks */,
			);
			buildRules = (
			);
			dependencies = (
			);
			name = "Cabify Checkout";
			productName = "Cabify Checkout";
			productReference = 19BE74A722EB29ED0053F005 /* Cabify Checkout.app */;
			productType = "com.apple.product-type.application";
		};
		19BE74BA22EB29FB0053F005 /* Cabify CheckoutTests */ = {
			isa = PBXNativeTarget;
			buildConfigurationList = 19BE74D222EB29FB0053F005 /* Build configuration list for PBXNativeTarget "Cabify CheckoutTests" */;
			buildPhases = (
				F73509DD61956894B472129B /* [CP] Check Pods Manifest.lock */,
				19BE74B722EB29FB0053F005 /* Sources */,
				19BE74B822EB29FB0053F005 /* Frameworks */,
				19BE74B922EB29FB0053F005 /* Resources */,
			);
			buildRules = (
			);
			dependencies = (
				19BE74BD22EB29FB0053F005 /* PBXTargetDependency */,
			);
			name = "Cabify CheckoutTests";
			productName = "Cabify CheckoutTests";
			productReference = 19BE74BB22EB29FB0053F005 /* Cabify CheckoutTests.xctest */;
			productType = "com.apple.product-type.bundle.unit-test";
		};
		19BE74C522EB29FB0053F005 /* Cabify CheckoutUITests */ = {
			isa = PBXNativeTarget;
			buildConfigurationList = 19BE74D522EB29FB0053F005 /* Build configuration list for PBXNativeTarget "Cabify CheckoutUITests" */;
			buildPhases = (
				54B8ED3378017F80CAC374CB /* [CP] Check Pods Manifest.lock */,
				19BE74C222EB29FB0053F005 /* Sources */,
				19BE74C322EB29FB0053F005 /* Frameworks */,
				19BE74C422EB29FB0053F005 /* Resources */,
			);
			buildRules = (
			);
			dependencies = (
				19BE74C822EB29FB0053F005 /* PBXTargetDependency */,
			);
			name = "Cabify CheckoutUITests";
			productName = "Cabify CheckoutUITests";
			productReference = 19BE74C622EB29FB0053F005 /* Cabify CheckoutUITests.xctest */;
			productType = "com.apple.product-type.bundle.ui-testing";
		};
/* End PBXNativeTarget section */

/* Begin PBXProject section */
		19BE749F22EB29ED0053F005 /* Project object */ = {
			isa = PBXProject;
			attributes = {
				LastSwiftUpdateCheck = 1020;
				LastUpgradeCheck = 1020;
				ORGANIZATIONNAME = Cabify;
				TargetAttributes = {
					19BE74A622EB29ED0053F005 = {
						CreatedOnToolsVersion = 10.2.1;
					};
					19BE74BA22EB29FB0053F005 = {
						CreatedOnToolsVersion = 10.2.1;
						LastSwiftMigration = 1020;
						TestTargetID = 19BE74A622EB29ED0053F005;
					};
					19BE74C522EB29FB0053F005 = {
						CreatedOnToolsVersion = 10.2.1;
						TestTargetID = 19BE74A622EB29ED0053F005;
					};
				};
			};
			buildConfigurationList = 19BE74A222EB29ED0053F005 /* Build configuration list for PBXProject "Cabify Checkout" */;
			compatibilityVersion = "Xcode 9.3";
			developmentRegion = en;
			hasScannedForEncodings = 0;
			knownRegions = (
				en,
				Base,
			);
			mainGroup = 19BE749E22EB29ED0053F005;
			productRefGroup = 19BE74A822EB29ED0053F005 /* Products */;
			projectDirPath = "";
			projectRoot = "";
			targets = (
				19BE74A622EB29ED0053F005 /* Cabify Checkout */,
				19BE74BA22EB29FB0053F005 /* Cabify CheckoutTests */,
				19BE74C522EB29FB0053F005 /* Cabify CheckoutUITests */,
			);
		};
/* End PBXProject section */

/* Begin PBXResourcesBuildPhase section */
		19BE74A522EB29ED0053F005 /* Resources */ = {
			isa = PBXResourcesBuildPhase;
			buildActionMask = 2147483647;
			files = (
				19BE74B522EB29FB0053F005 /* LaunchScreen.storyboard in Resources */,
				19BE74B222EB29FB0053F005 /* Assets.xcassets in Resources */,
				19BE74E022EB2D2A0053F005 /* Products.storyboard in Resources */,
			);
			runOnlyForDeploymentPostprocessing = 0;
		};
		19BE74B922EB29FB0053F005 /* Resources */ = {
			isa = PBXResourcesBuildPhase;
			buildActionMask = 2147483647;
			files = (
			);
			runOnlyForDeploymentPostprocessing = 0;
		};
		19BE74C422EB29FB0053F005 /* Resources */ = {
			isa = PBXResourcesBuildPhase;
			buildActionMask = 2147483647;
			files = (
			);
			runOnlyForDeploymentPostprocessing = 0;
		};
/* End PBXResourcesBuildPhase section */

/* Begin PBXShellScriptBuildPhase section */
		54B8ED3378017F80CAC374CB /* [CP] Check Pods Manifest.lock */ = {
			isa = PBXShellScriptBuildPhase;
			buildActionMask = 2147483647;
			files = (
			);
			inputFileListPaths = (
			);
			inputPaths = (
				"${PODS_PODFILE_DIR_PATH}/Podfile.lock",
				"${PODS_ROOT}/Manifest.lock",
			);
			name = "[CP] Check Pods Manifest.lock";
			outputFileListPaths = (
			);
			outputPaths = (
				"$(DERIVED_FILE_DIR)/Pods-Cabify CheckoutUITests-checkManifestLockResult.txt",
			);
			runOnlyForDeploymentPostprocessing = 0;
			shellPath = /bin/sh;
			shellScript = "diff \"${PODS_PODFILE_DIR_PATH}/Podfile.lock\" \"${PODS_ROOT}/Manifest.lock\" > /dev/null\nif [ $? != 0 ] ; then\n    # print error to STDERR\n    echo \"error: The sandbox is not in sync with the Podfile.lock. Run 'pod install' or update your CocoaPods installation.\" >&2\n    exit 1\nfi\n# This output is used by Xcode 'outputs' to avoid re-running this script phase.\necho \"SUCCESS\" > \"${SCRIPT_OUTPUT_FILE_0}\"\n";
			showEnvVarsInLog = 0;
		};
		5BDAF9660B5E7CDC08B9C362 /* [CP] Check Pods Manifest.lock */ = {
			isa = PBXShellScriptBuildPhase;
			buildActionMask = 2147483647;
			files = (
			);
			inputFileListPaths = (
			);
			inputPaths = (
				"${PODS_PODFILE_DIR_PATH}/Podfile.lock",
				"${PODS_ROOT}/Manifest.lock",
			);
			name = "[CP] Check Pods Manifest.lock";
			outputFileListPaths = (
			);
			outputPaths = (
				"$(DERIVED_FILE_DIR)/Pods-Cabify Checkout-checkManifestLockResult.txt",
			);
			runOnlyForDeploymentPostprocessing = 0;
			shellPath = /bin/sh;
			shellScript = "diff \"${PODS_PODFILE_DIR_PATH}/Podfile.lock\" \"${PODS_ROOT}/Manifest.lock\" > /dev/null\nif [ $? != 0 ] ; then\n    # print error to STDERR\n    echo \"error: The sandbox is not in sync with the Podfile.lock. Run 'pod install' or update your CocoaPods installation.\" >&2\n    exit 1\nfi\n# This output is used by Xcode 'outputs' to avoid re-running this script phase.\necho \"SUCCESS\" > \"${SCRIPT_OUTPUT_FILE_0}\"\n";
			showEnvVarsInLog = 0;
		};
		9140455E0EB6CFFDD1A18F56 /* [CP] Embed Pods Frameworks */ = {
			isa = PBXShellScriptBuildPhase;
			buildActionMask = 2147483647;
			files = (
			);
			inputFileListPaths = (
			);
			inputPaths = (
				"${PODS_ROOT}/Target Support Files/Pods-Cabify Checkout/Pods-Cabify Checkout-frameworks.sh",
				"${BUILT_PRODUCTS_DIR}/Swinject/Swinject.framework",
			);
			name = "[CP] Embed Pods Frameworks";
			outputFileListPaths = (
			);
			outputPaths = (
				"${TARGET_BUILD_DIR}/${FRAMEWORKS_FOLDER_PATH}/Swinject.framework",
			);
			runOnlyForDeploymentPostprocessing = 0;
			shellPath = /bin/sh;
			shellScript = "\"${PODS_ROOT}/Target Support Files/Pods-Cabify Checkout/Pods-Cabify Checkout-frameworks.sh\"\n";
			showEnvVarsInLog = 0;
		};
		F73509DD61956894B472129B /* [CP] Check Pods Manifest.lock */ = {
			isa = PBXShellScriptBuildPhase;
			buildActionMask = 2147483647;
			files = (
			);
			inputFileListPaths = (
			);
			inputPaths = (
				"${PODS_PODFILE_DIR_PATH}/Podfile.lock",
				"${PODS_ROOT}/Manifest.lock",
			);
			name = "[CP] Check Pods Manifest.lock";
			outputFileListPaths = (
			);
			outputPaths = (
				"$(DERIVED_FILE_DIR)/Pods-Cabify CheckoutTests-checkManifestLockResult.txt",
			);
			runOnlyForDeploymentPostprocessing = 0;
			shellPath = /bin/sh;
			shellScript = "diff \"${PODS_PODFILE_DIR_PATH}/Podfile.lock\" \"${PODS_ROOT}/Manifest.lock\" > /dev/null\nif [ $? != 0 ] ; then\n    # print error to STDERR\n    echo \"error: The sandbox is not in sync with the Podfile.lock. Run 'pod install' or update your CocoaPods installation.\" >&2\n    exit 1\nfi\n# This output is used by Xcode 'outputs' to avoid re-running this script phase.\necho \"SUCCESS\" > \"${SCRIPT_OUTPUT_FILE_0}\"\n";
			showEnvVarsInLog = 0;
		};
/* End PBXShellScriptBuildPhase section */

/* Begin PBXSourcesBuildPhase section */
		19BE74A322EB29ED0053F005 /* Sources */ = {
			isa = PBXSourcesBuildPhase;
			buildActionMask = 2147483647;
			files = (
				19BE74E622EB320A0053F005 /* ProductListContracts.swift in Sources */,
				19BE74EF22EB35AE0053F005 /* ProductListRouter.swift in Sources */,
				19BE74F922EB56D10053F005 /* ProductListItemCell.swift in Sources */,
				19BE74F522EB3CEE0053F005 /* UIStoryboard_Extension.swift in Sources */,
				19BE74E922EB33610053F005 /* Product.swift in Sources */,
				19BE74DD22EB2D160053F005 /* ProductListViewController.swift in Sources */,
				19BE74F722EB4BA20053F005 /* UIColor_Extension.swift in Sources */,
				19BE74AB22EB29ED0053F005 /* AppDelegate.swift in Sources */,
				19BE74ED22EB35A00053F005 /* ProductListPresenter.swift in Sources */,
				19BE74EB22EB34F60053F005 /* UIContainer.swift in Sources */,
			);
			runOnlyForDeploymentPostprocessing = 0;
		};
		19BE74B722EB29FB0053F005 /* Sources */ = {
			isa = PBXSourcesBuildPhase;
			buildActionMask = 2147483647;
			files = (
				19BE74F122EB3A940053F005 /* AppDelegateTests.swift in Sources */,
				19BE74E422EB2DB30053F005 /* ProductListViewControllerTests.swift in Sources */,
				19BE74F322EB3C7C0053F005 /* ProductListMocks.swift in Sources */,
			);
			runOnlyForDeploymentPostprocessing = 0;
		};
		19BE74C222EB29FB0053F005 /* Sources */ = {
			isa = PBXSourcesBuildPhase;
			buildActionMask = 2147483647;
			files = (
				19BE74CB22EB29FB0053F005 /* Cabify_CheckoutUITests.swift in Sources */,
			);
			runOnlyForDeploymentPostprocessing = 0;
		};
/* End PBXSourcesBuildPhase section */

/* Begin PBXTargetDependency section */
		19BE74BD22EB29FB0053F005 /* PBXTargetDependency */ = {
			isa = PBXTargetDependency;
			target = 19BE74A622EB29ED0053F005 /* Cabify Checkout */;
			targetProxy = 19BE74BC22EB29FB0053F005 /* PBXContainerItemProxy */;
		};
		19BE74C822EB29FB0053F005 /* PBXTargetDependency */ = {
			isa = PBXTargetDependency;
			target = 19BE74A622EB29ED0053F005 /* Cabify Checkout */;
			targetProxy = 19BE74C722EB29FB0053F005 /* PBXContainerItemProxy */;
		};
/* End PBXTargetDependency section */

/* Begin PBXVariantGroup section */
		19BE74B322EB29FB0053F005 /* LaunchScreen.storyboard */ = {
			isa = PBXVariantGroup;
			children = (
				19BE74B422EB29FB0053F005 /* Base */,
			);
			name = LaunchScreen.storyboard;
			sourceTree = "<group>";
		};
		19BE74DE22EB2D2A0053F005 /* Products.storyboard */ = {
			isa = PBXVariantGroup;
			children = (
				19BE74DF22EB2D2A0053F005 /* Base */,
			);
			name = Products.storyboard;
			sourceTree = "<group>";
		};
/* End PBXVariantGroup section */

/* Begin XCBuildConfiguration section */
		19BE74CD22EB29FB0053F005 /* Debug */ = {
			isa = XCBuildConfiguration;
			buildSettings = {
				ALWAYS_SEARCH_USER_PATHS = NO;
				CLANG_ANALYZER_NONNULL = YES;
				CLANG_ANALYZER_NUMBER_OBJECT_CONVERSION = YES_AGGRESSIVE;
				CLANG_CXX_LANGUAGE_STANDARD = "gnu++14";
				CLANG_CXX_LIBRARY = "libc++";
				CLANG_ENABLE_MODULES = YES;
				CLANG_ENABLE_OBJC_ARC = YES;
				CLANG_ENABLE_OBJC_WEAK = YES;
				CLANG_WARN_BLOCK_CAPTURE_AUTORELEASING = YES;
				CLANG_WARN_BOOL_CONVERSION = YES;
				CLANG_WARN_COMMA = YES;
				CLANG_WARN_CONSTANT_CONVERSION = YES;
				CLANG_WARN_DEPRECATED_OBJC_IMPLEMENTATIONS = YES;
				CLANG_WARN_DIRECT_OBJC_ISA_USAGE = YES_ERROR;
				CLANG_WARN_DOCUMENTATION_COMMENTS = YES;
				CLANG_WARN_EMPTY_BODY = YES;
				CLANG_WARN_ENUM_CONVERSION = YES;
				CLANG_WARN_INFINITE_RECURSION = YES;
				CLANG_WARN_INT_CONVERSION = YES;
				CLANG_WARN_NON_LITERAL_NULL_CONVERSION = YES;
				CLANG_WARN_OBJC_IMPLICIT_RETAIN_SELF = YES;
				CLANG_WARN_OBJC_LITERAL_CONVERSION = YES;
				CLANG_WARN_OBJC_ROOT_CLASS = YES_ERROR;
				CLANG_WARN_RANGE_LOOP_ANALYSIS = YES;
				CLANG_WARN_STRICT_PROTOTYPES = YES;
				CLANG_WARN_SUSPICIOUS_MOVE = YES;
				CLANG_WARN_UNGUARDED_AVAILABILITY = YES_AGGRESSIVE;
				CLANG_WARN_UNREACHABLE_CODE = YES;
				CLANG_WARN__DUPLICATE_METHOD_MATCH = YES;
				CODE_SIGN_IDENTITY = "iPhone Developer";
				COPY_PHASE_STRIP = NO;
				DEBUG_INFORMATION_FORMAT = dwarf;
				ENABLE_STRICT_OBJC_MSGSEND = YES;
				ENABLE_TESTABILITY = YES;
				GCC_C_LANGUAGE_STANDARD = gnu11;
				GCC_DYNAMIC_NO_PIC = NO;
				GCC_NO_COMMON_BLOCKS = YES;
				GCC_OPTIMIZATION_LEVEL = 0;
				GCC_PREPROCESSOR_DEFINITIONS = (
					"DEBUG=1",
					"$(inherited)",
				);
				GCC_WARN_64_TO_32_BIT_CONVERSION = YES;
				GCC_WARN_ABOUT_RETURN_TYPE = YES_ERROR;
				GCC_WARN_UNDECLARED_SELECTOR = YES;
				GCC_WARN_UNINITIALIZED_AUTOS = YES_AGGRESSIVE;
				GCC_WARN_UNUSED_FUNCTION = YES;
				GCC_WARN_UNUSED_VARIABLE = YES;
				IPHONEOS_DEPLOYMENT_TARGET = 12.2;
				MTL_ENABLE_DEBUG_INFO = INCLUDE_SOURCE;
				MTL_FAST_MATH = YES;
				ONLY_ACTIVE_ARCH = YES;
				SDKROOT = iphoneos;
				SWIFT_ACTIVE_COMPILATION_CONDITIONS = DEBUG;
				SWIFT_OPTIMIZATION_LEVEL = "-Onone";
			};
			name = Debug;
		};
		19BE74CE22EB29FB0053F005 /* Release */ = {
			isa = XCBuildConfiguration;
			buildSettings = {
				ALWAYS_SEARCH_USER_PATHS = NO;
				CLANG_ANALYZER_NONNULL = YES;
				CLANG_ANALYZER_NUMBER_OBJECT_CONVERSION = YES_AGGRESSIVE;
				CLANG_CXX_LANGUAGE_STANDARD = "gnu++14";
				CLANG_CXX_LIBRARY = "libc++";
				CLANG_ENABLE_MODULES = YES;
				CLANG_ENABLE_OBJC_ARC = YES;
				CLANG_ENABLE_OBJC_WEAK = YES;
				CLANG_WARN_BLOCK_CAPTURE_AUTORELEASING = YES;
				CLANG_WARN_BOOL_CONVERSION = YES;
				CLANG_WARN_COMMA = YES;
				CLANG_WARN_CONSTANT_CONVERSION = YES;
				CLANG_WARN_DEPRECATED_OBJC_IMPLEMENTATIONS = YES;
				CLANG_WARN_DIRECT_OBJC_ISA_USAGE = YES_ERROR;
				CLANG_WARN_DOCUMENTATION_COMMENTS = YES;
				CLANG_WARN_EMPTY_BODY = YES;
				CLANG_WARN_ENUM_CONVERSION = YES;
				CLANG_WARN_INFINITE_RECURSION = YES;
				CLANG_WARN_INT_CONVERSION = YES;
				CLANG_WARN_NON_LITERAL_NULL_CONVERSION = YES;
				CLANG_WARN_OBJC_IMPLICIT_RETAIN_SELF = YES;
				CLANG_WARN_OBJC_LITERAL_CONVERSION = YES;
				CLANG_WARN_OBJC_ROOT_CLASS = YES_ERROR;
				CLANG_WARN_RANGE_LOOP_ANALYSIS = YES;
				CLANG_WARN_STRICT_PROTOTYPES = YES;
				CLANG_WARN_SUSPICIOUS_MOVE = YES;
				CLANG_WARN_UNGUARDED_AVAILABILITY = YES_AGGRESSIVE;
				CLANG_WARN_UNREACHABLE_CODE = YES;
				CLANG_WARN__DUPLICATE_METHOD_MATCH = YES;
				CODE_SIGN_IDENTITY = "iPhone Developer";
				COPY_PHASE_STRIP = NO;
				DEBUG_INFORMATION_FORMAT = "dwarf-with-dsym";
				ENABLE_NS_ASSERTIONS = NO;
				ENABLE_STRICT_OBJC_MSGSEND = YES;
				GCC_C_LANGUAGE_STANDARD = gnu11;
				GCC_NO_COMMON_BLOCKS = YES;
				GCC_WARN_64_TO_32_BIT_CONVERSION = YES;
				GCC_WARN_ABOUT_RETURN_TYPE = YES_ERROR;
				GCC_WARN_UNDECLARED_SELECTOR = YES;
				GCC_WARN_UNINITIALIZED_AUTOS = YES_AGGRESSIVE;
				GCC_WARN_UNUSED_FUNCTION = YES;
				GCC_WARN_UNUSED_VARIABLE = YES;
				IPHONEOS_DEPLOYMENT_TARGET = 12.2;
				MTL_ENABLE_DEBUG_INFO = NO;
				MTL_FAST_MATH = YES;
				SDKROOT = iphoneos;
				SWIFT_COMPILATION_MODE = wholemodule;
				SWIFT_OPTIMIZATION_LEVEL = "-O";
				VALIDATE_PRODUCT = YES;
			};
			name = Release;
		};
		19BE74D022EB29FB0053F005 /* Debug */ = {
			isa = XCBuildConfiguration;
			baseConfigurationReference = 162934F283FD0F2E9C2BB7E1 /* Pods-Cabify Checkout.debug.xcconfig */;
			buildSettings = {
				ASSETCATALOG_COMPILER_APPICON_NAME = AppIcon;
				CODE_SIGN_STYLE = Automatic;
				DEVELOPMENT_TEAM = DGA9HU8SL2;
				INFOPLIST_FILE = "Cabify Checkout/Info.plist";
				IPHONEOS_DEPLOYMENT_TARGET = 11.0;
				LD_RUNPATH_SEARCH_PATHS = (
					"$(inherited)",
					"@executable_path/Frameworks",
				);
				PRODUCT_BUNDLE_IDENTIFIER = "com.ilbesculpi.Cabify-Checkout";
				PRODUCT_NAME = "$(TARGET_NAME)";
				SWIFT_VERSION = 5.0;
				TARGETED_DEVICE_FAMILY = "1,2";
			};
			name = Debug;
		};
		19BE74D122EB29FB0053F005 /* Release */ = {
			isa = XCBuildConfiguration;
			baseConfigurationReference = 07919D045E4AA00DD5628310 /* Pods-Cabify Checkout.release.xcconfig */;
			buildSettings = {
				ASSETCATALOG_COMPILER_APPICON_NAME = AppIcon;
				CODE_SIGN_STYLE = Automatic;
				DEVELOPMENT_TEAM = DGA9HU8SL2;
				INFOPLIST_FILE = "Cabify Checkout/Info.plist";
				IPHONEOS_DEPLOYMENT_TARGET = 11.0;
				LD_RUNPATH_SEARCH_PATHS = (
					"$(inherited)",
					"@executable_path/Frameworks",
				);
				PRODUCT_BUNDLE_IDENTIFIER = "com.ilbesculpi.Cabify-Checkout";
				PRODUCT_NAME = "$(TARGET_NAME)";
				SWIFT_VERSION = 5.0;
				TARGETED_DEVICE_FAMILY = "1,2";
			};
			name = Release;
		};
		19BE74D322EB29FB0053F005 /* Debug */ = {
			isa = XCBuildConfiguration;
			baseConfigurationReference = F85B92C689D7385CC9411B05 /* Pods-Cabify CheckoutTests.debug.xcconfig */;
			buildSettings = {
				ALWAYS_EMBED_SWIFT_STANDARD_LIBRARIES = YES;
				BUNDLE_LOADER = "$(TEST_HOST)";
				CLANG_ENABLE_MODULES = YES;
				CODE_SIGN_STYLE = Automatic;
				DEVELOPMENT_TEAM = DGA9HU8SL2;
				INFOPLIST_FILE = "Cabify CheckoutTests/Info.plist";
				LD_RUNPATH_SEARCH_PATHS = (
					"$(inherited)",
					"@executable_path/Frameworks",
					"@loader_path/Frameworks",
				);
				PRODUCT_BUNDLE_IDENTIFIER = "com.ilbesculpi.Cabify-CheckoutTests";
				PRODUCT_NAME = "$(TARGET_NAME)";
				SWIFT_OPTIMIZATION_LEVEL = "-Onone";
				SWIFT_VERSION = 5.0;
				TARGETED_DEVICE_FAMILY = "1,2";
				TEST_HOST = "$(BUILT_PRODUCTS_DIR)/Cabify Checkout.app/Cabify Checkout";
			};
			name = Debug;
		};
		19BE74D422EB29FB0053F005 /* Release */ = {
			isa = XCBuildConfiguration;
			baseConfigurationReference = 4AE0787DBC601074DA1BC828 /* Pods-Cabify CheckoutTests.release.xcconfig */;
			buildSettings = {
				ALWAYS_EMBED_SWIFT_STANDARD_LIBRARIES = YES;
				BUNDLE_LOADER = "$(TEST_HOST)";
				CLANG_ENABLE_MODULES = YES;
				CODE_SIGN_STYLE = Automatic;
				DEVELOPMENT_TEAM = DGA9HU8SL2;
				INFOPLIST_FILE = "Cabify CheckoutTests/Info.plist";
				LD_RUNPATH_SEARCH_PATHS = (
					"$(inherited)",
					"@executable_path/Frameworks",
					"@loader_path/Frameworks",
				);
				PRODUCT_BUNDLE_IDENTIFIER = "com.ilbesculpi.Cabify-CheckoutTests";
				PRODUCT_NAME = "$(TARGET_NAME)";
				SWIFT_VERSION = 5.0;
				TARGETED_DEVICE_FAMILY = "1,2";
				TEST_HOST = "$(BUILT_PRODUCTS_DIR)/Cabify Checkout.app/Cabify Checkout";
			};
			name = Release;
		};
		19BE74D622EB29FB0053F005 /* Debug */ = {
			isa = XCBuildConfiguration;
			baseConfigurationReference = 06B42FCC7CCCB3C3215070FD /* Pods-Cabify CheckoutUITests.debug.xcconfig */;
			buildSettings = {
				ALWAYS_EMBED_SWIFT_STANDARD_LIBRARIES = YES;
				CODE_SIGN_STYLE = Automatic;
				DEVELOPMENT_TEAM = DGA9HU8SL2;
				INFOPLIST_FILE = "Cabify CheckoutUITests/Info.plist";
				LD_RUNPATH_SEARCH_PATHS = (
					"$(inherited)",
					"@executable_path/Frameworks",
					"@loader_path/Frameworks",
				);
				PRODUCT_BUNDLE_IDENTIFIER = "com.ilbesculpi.Cabify-CheckoutUITests";
				PRODUCT_NAME = "$(TARGET_NAME)";
				SWIFT_VERSION = 5.0;
				TARGETED_DEVICE_FAMILY = "1,2";
				TEST_TARGET_NAME = "Cabify Checkout";
			};
			name = Debug;
		};
		19BE74D722EB29FB0053F005 /* Release */ = {
			isa = XCBuildConfiguration;
			baseConfigurationReference = D85102F53E5CF7F3B786D611 /* Pods-Cabify CheckoutUITests.release.xcconfig */;
			buildSettings = {
				ALWAYS_EMBED_SWIFT_STANDARD_LIBRARIES = YES;
				CODE_SIGN_STYLE = Automatic;
				DEVELOPMENT_TEAM = DGA9HU8SL2;
				INFOPLIST_FILE = "Cabify CheckoutUITests/Info.plist";
				LD_RUNPATH_SEARCH_PATHS = (
					"$(inherited)",
					"@executable_path/Frameworks",
					"@loader_path/Frameworks",
				);
				PRODUCT_BUNDLE_IDENTIFIER = "com.ilbesculpi.Cabify-CheckoutUITests";
				PRODUCT_NAME = "$(TARGET_NAME)";
				SWIFT_VERSION = 5.0;
				TARGETED_DEVICE_FAMILY = "1,2";
				TEST_TARGET_NAME = "Cabify Checkout";
			};
			name = Release;
		};
/* End XCBuildConfiguration section */

/* Begin XCConfigurationList section */
		19BE74A222EB29ED0053F005 /* Build configuration list for PBXProject "Cabify Checkout" */ = {
			isa = XCConfigurationList;
			buildConfigurations = (
				19BE74CD22EB29FB0053F005 /* Debug */,
				19BE74CE22EB29FB0053F005 /* Release */,
			);
			defaultConfigurationIsVisible = 0;
			defaultConfigurationName = Release;
		};
		19BE74CF22EB29FB0053F005 /* Build configuration list for PBXNativeTarget "Cabify Checkout" */ = {
			isa = XCConfigurationList;
			buildConfigurations = (
				19BE74D022EB29FB0053F005 /* Debug */,
				19BE74D122EB29FB0053F005 /* Release */,
			);
			defaultConfigurationIsVisible = 0;
			defaultConfigurationName = Release;
		};
		19BE74D222EB29FB0053F005 /* Build configuration list for PBXNativeTarget "Cabify CheckoutTests" */ = {
			isa = XCConfigurationList;
			buildConfigurations = (
				19BE74D322EB29FB0053F005 /* Debug */,
				19BE74D422EB29FB0053F005 /* Release */,
			);
			defaultConfigurationIsVisible = 0;
			defaultConfigurationName = Release;
		};
		19BE74D522EB29FB0053F005 /* Build configuration list for PBXNativeTarget "Cabify CheckoutUITests" */ = {
			isa = XCConfigurationList;
			buildConfigurations = (
				19BE74D622EB29FB0053F005 /* Debug */,
				19BE74D722EB29FB0053F005 /* Release */,
			);
			defaultConfigurationIsVisible = 0;
			defaultConfigurationName = Release;
		};
/* End XCConfigurationList section */
	};
	rootObject = 19BE749F22EB29ED0053F005 /* Project object */;
}
